
Microsoft Visual Studio Solution File, Format Version 12.00
# Visual Studio Version 16
VisualStudioVersion = 16.0.29709.97
MinimumVisualStudioVersion = 10.0.40219.1
Project("{FAE04EC0-301F-11D3-BF4B-00C04F79EFBC}") = "Calculator.Service", "Calculator.Service\Calculator.Service.csproj", "{0EE7C24A-AFB6-439B-835B-FE72A5ADECC4}"
EndProject
Project("{FAE04EC0-301F-11D3-BF4B-00C04F79EFBC}") = "Calculator.Common", "Calculator.Common\Calculator.Common.csproj", "{3888E613-3211-4484-B7BD-34397B5F5196}"
EndProject
Project("{FAE04EC0-301F-11D3-BF4B-00C04F79EFBC}") = "Calculator.Core", "Calculator.Core\Calculator.Core.csproj", "{57C1A907-781D-4D95-9532-05FEDEB9E31C}"
EndProject
Project("{FAE04EC0-301F-11D3-BF4B-00C04F79EFBC}") = "Calculator.UnitTest", "Calculator.UnitTests\Calculator.UnitTest.csproj", "{543A3045-244E-429B-A098-04AF9D39EBC8}"
EndProject
Project("{FAE04EC0-301F-11D3-BF4B-00C04F79EFBC}") = "Calculator.ConsoleApp", "Calculator.ConsoleApp\Calculator.ConsoleApp.csproj", "{01367360-A7D9-43E5-A4FC-3FCE2977D4E4}"
EndProject
Global
	GlobalSection(SolutionConfigurationPlatforms) = preSolution
		Debug|Any CPU = Debug|Any CPU
		Release|Any CPU = Release|Any CPU
	EndGlobalSection
	GlobalSection(ProjectConfigurationPlatforms) = postSolution
		{0EE7C24A-AFB6-439B-835B-FE72A5ADECC4}.Debug|Any CPU.ActiveCfg = Debug|Any CPU
		{0EE7C24A-AFB6-439B-835B-FE72A5ADECC4}.Debug|Any CPU.Build.0 = Debug|Any CPU
		{0EE7C24A-AFB6-439B-835B-FE72A5ADECC4}.Release|Any CPU.ActiveCfg = Release|Any CPU
		{0EE7C24A-AFB6-439B-835B-FE72A5ADECC4}.Release|Any CPU.Build.0 = Release|Any CPU
		{3888E613-3211-4484-B7BD-34397B5F5196}.Debug|Any CPU.ActiveCfg = Debug|Any CPU
		{3888E613-3211-4484-B7BD-34397B5F5196}.Debug|Any CPU.Build.0 = Debug|Any CPU
		{3888E613-3211-4484-B7BD-34397B5F5196}.Release|Any CPU.ActiveCfg = Release|Any CPU
		{3888E613-3211-4484-B7BD-34397B5F5196}.Release|Any CPU.Build.0 = Release|Any CPU
		{57C1A907-781D-4D95-9532-05FEDEB9E31C}.Debug|Any CPU.ActiveCfg = Debug|Any CPU
		{57C1A907-781D-4D95-9532-05FEDEB9E31C}.Debug|Any CPU.Build.0 = Debug|Any CPU
		{57C1A907-781D-4D95-9532-05FEDEB9E31C}.Release|Any CPU.ActiveCfg = Release|Any CPU
		{57C1A907-781D-4D95-9532-05FEDEB9E31C}.Release|Any CPU.Build.0 = Release|Any CPU
		{543A3045-244E-429B-A098-04AF9D39EBC8}.Debug|Any CPU.ActiveCfg = Debug|Any CPU
		{543A3045-244E-429B-A098-04AF9D39EBC8}.Debug|Any CPU.Build.0 = Debug|Any CPU
		{543A3045-244E-429B-A098-04AF9D39EBC8}.Release|Any CPU.ActiveCfg = Release|Any CPU
		{543A3045-244E-429B-A098-04AF9D39EBC8}.Release|Any CPU.Build.0 = Release|Any CPU
		{01367360-A7D9-43E5-A4FC-3FCE2977D4E4}.Debug|Any CPU.ActiveCfg = Debug|Any CPU
		{01367360-A7D9-43E5-A4FC-3FCE2977D4E4}.Debug|Any CPU.Build.0 = Debug|Any CPU
		{01367360-A7D9-43E5-A4FC-3FCE2977D4E4}.Release|Any CPU.ActiveCfg = Release|Any CPU
		{01367360-A7D9-43E5-A4FC-3FCE2977D4E4}.Release|Any CPU.Build.0 = Release|Any CPU
	EndGlobalSection
	GlobalSection(SolutionProperties) = preSolution
		HideSolutionNode = FALSE
	EndGlobalSection
	GlobalSection(ExtensibilityGlobals) = postSolution
		SolutionGuid = {EA0F93AB-45BF-4A24-9FFA-4599CFC78B43}
	EndGlobalSection
EndGlobal
